
Microsoft Visual Studio Solution File, Format Version 12.00
# Visual Studio 15
VisualStudioVersion = 15.0.26730.15
MinimumVisualStudioVersion = 10.0.40219.1
Project("{9A19103F-16F7-4668-BE54-9A1E7A4F7556}") = "WatchList", "src\WatchList.csproj", "{F5B273A3-0431-49A6-BC0C-EBF3BB47331A}"
EndProject
Project("{9A19103F-16F7-4668-BE54-9A1E7A4F7556}") = "WatchList.Test", "test\WatchList.Test.csproj", "{62C50018-7083-47A4-910A-2743352AEEFB}"
EndProject
Global
	GlobalSection(SolutionConfigurationPlatforms) = preSolution
		Debug|Any CPU = Debug|Any CPU
		Release|Any CPU = Release|Any CPU
	EndGlobalSection
	GlobalSection(ProjectConfigurationPlatforms) = postSolution
		{F5B273A3-0431-49A6-BC0C-EBF3BB47331A}.Debug|Any CPU.ActiveCfg = Debug|Any CPU
		{F5B273A3-0431-49A6-BC0C-EBF3BB47331A}.Debug|Any CPU.Build.0 = Debug|Any CPU
		{F5B273A3-0431-49A6-BC0C-EBF3BB47331A}.Release|Any CPU.ActiveCfg = Release|Any CPU
		{F5B273A3-0431-49A6-BC0C-EBF3BB47331A}.Release|Any CPU.Build.0 = Release|Any CPU
		{62C50018-7083-47A4-910A-2743352AEEFB}.Debug|Any CPU.ActiveCfg = Debug|Any CPU
		{62C50018-7083-47A4-910A-2743352AEEFB}.Debug|Any CPU.Build.0 = Debug|Any CPU
		{62C50018-7083-47A4-910A-2743352AEEFB}.Release|Any CPU.ActiveCfg = Release|Any CPU
		{62C50018-7083-47A4-910A-2743352AEEFB}.Release|Any CPU.Build.0 = Release|Any CPU
	EndGlobalSection
	GlobalSection(SolutionProperties) = preSolution
		HideSolutionNode = FALSE
	EndGlobalSection
	GlobalSection(ExtensibilityGlobals) = postSolution
		SolutionGuid = {AEB2AE23-52EF-485E-936D-2D695CBD6D1D}
	EndGlobalSection
EndGlobal
